// !$*UTF8*$!
{
	archiveVersion = 1;
	classes = {
	};
	objectVersion = 55;
	objects = {

/* Begin PBXBuildFile section */
		5ECFB09A27EA6F8E00FE0081 /* AppDelegate.swift in Sources */ = {isa = PBXBuildFile; fileRef = 5ECFB09927EA6F8E00FE0081 /* AppDelegate.swift */; };
		5ECFB09E27EA6F8E00FE0081 /* PostListVC.swift in Sources */ = {isa = PBXBuildFile; fileRef = 5ECFB09D27EA6F8E00FE0081 /* PostListVC.swift */; };
		5ECFB0A327EA6F9400FE0081 /* Assets.xcassets in Resources */ = {isa = PBXBuildFile; fileRef = 5ECFB0A227EA6F9400FE0081 /* Assets.xcassets */; };
		5ECFB0A627EA6F9400FE0081 /* LaunchScreen.storyboard in Resources */ = {isa = PBXBuildFile; fileRef = 5ECFB0A427EA6F9400FE0081 /* LaunchScreen.storyboard */; };
		5EFA1CC227EA7A52004C1EAC /* CustomTableCell.swift in Sources */ = {isa = PBXBuildFile; fileRef = 5EFA1CC127EA7A52004C1EAC /* CustomTableCell.swift */; };
		5EFA1CC427EA7A71004C1EAC /* PostListView.swift in Sources */ = {isa = PBXBuildFile; fileRef = 5EFA1CC327EA7A71004C1EAC /* PostListView.swift */; };
		5EFA1CC827EB3D97004C1EAC /* ApiModels.swift in Sources */ = {isa = PBXBuildFile; fileRef = 5EFA1CC727EB3D97004C1EAC /* ApiModels.swift */; };
		E3EB5301C0B382D53802CB97 /* libPods-ApiHW.a in Frameworks */ = {isa = PBXBuildFile; fileRef = 3F77118A0D9C7865968CA9E7 /* libPods-ApiHW.a */; };
/* End PBXBuildFile section */

/* Begin PBXFileReference section */
		3F77118A0D9C7865968CA9E7 /* libPods-ApiHW.a */ = {isa = PBXFileReference; explicitFileType = archive.ar; includeInIndex = 0; path = "libPods-ApiHW.a"; sourceTree = BUILT_PRODUCTS_DIR; };
		5ECFB09627EA6F8E00FE0081 /* ApiHW.app */ = {isa = PBXFileReference; explicitFileType = wrapper.application; includeInIndex = 0; path = ApiHW.app; sourceTree = BUILT_PRODUCTS_DIR; };
		5ECFB09927EA6F8E00FE0081 /* AppDelegate.swift */ = {isa = PBXFileReference; lastKnownFileType = sourcecode.swift; path = AppDelegate.swift; sourceTree = "<group>"; };
		5ECFB09D27EA6F8E00FE0081 /* PostListVC.swift */ = {isa = PBXFileReference; lastKnownFileType = sourcecode.swift; path = PostListVC.swift; sourceTree = "<group>"; };
		5ECFB0A227EA6F9400FE0081 /* Assets.xcassets */ = {isa = PBXFileReference; lastKnownFileType = folder.assetcatalog; path = Assets.xcassets; sourceTree = "<group>"; };
		5ECFB0A527EA6F9400FE0081 /* Base */ = {isa = PBXFileReference; lastKnownFileType = file.storyboard; name = Base; path = Base.lproj/LaunchScreen.storyboard; sourceTree = "<group>"; };
		5ECFB0A727EA6F9400FE0081 /* Info.plist */ = {isa = PBXFileReference; lastKnownFileType = text.plist.xml; path = Info.plist; sourceTree = "<group>"; };
		5EFA1CC127EA7A52004C1EAC /* CustomTableCell.swift */ = {isa = PBXFileReference; lastKnownFileType = sourcecode.swift; path = CustomTableCell.swift; sourceTree = "<group>"; };
		5EFA1CC327EA7A71004C1EAC /* PostListView.swift */ = {isa = PBXFileReference; lastKnownFileType = sourcecode.swift; path = PostListView.swift; sourceTree = "<group>"; };
		5EFA1CC727EB3D97004C1EAC /* ApiModels.swift */ = {isa = PBXFileReference; lastKnownFileType = sourcecode.swift; path = ApiModels.swift; sourceTree = "<group>"; };
		B3B2B20FA64DCD414B64E4F5 /* Pods-ApiHW.debug.xcconfig */ = {isa = PBXFileReference; includeInIndex = 1; lastKnownFileType = text.xcconfig; name = "Pods-ApiHW.debug.xcconfig"; path = "Target Support Files/Pods-ApiHW/Pods-ApiHW.debug.xcconfig"; sourceTree = "<group>"; };
		E6E1D6B63EDB07299A57AA53 /* Pods-ApiHW.release.xcconfig */ = {isa = PBXFileReference; includeInIndex = 1; lastKnownFileType = text.xcconfig; name = "Pods-ApiHW.release.xcconfig"; path = "Target Support Files/Pods-ApiHW/Pods-ApiHW.release.xcconfig"; sourceTree = "<group>"; };
/* End PBXFileReference section */

/* Begin PBXFrameworksBuildPhase section */
		5ECFB09327EA6F8E00FE0081 /* Frameworks */ = {
			isa = PBXFrameworksBuildPhase;
			buildActionMask = 2147483647;
			files = (
				E3EB5301C0B382D53802CB97 /* libPods-ApiHW.a in Frameworks */,
			);
			runOnlyForDeploymentPostprocessing = 0;
		};
/* End PBXFrameworksBuildPhase section */

/* Begin PBXGroup section */
		5ECFB08D27EA6F8E00FE0081 = {
			isa = PBXGroup;
			children = (
				5ECFB09827EA6F8E00FE0081 /* ApiHW */,
				5ECFB09727EA6F8E00FE0081 /* Products */,
				759506DECBDDC7989A90E738 /* Pods */,
				B8A705DBBABC8244202E0B69 /* Frameworks */,
			);
			sourceTree = "<group>";
		};
		5ECFB09727EA6F8E00FE0081 /* Products */ = {
			isa = PBXGroup;
			children = (
				5ECFB09627EA6F8E00FE0081 /* ApiHW.app */,
			);
			name = Products;
			sourceTree = "<group>";
		};
		5ECFB09827EA6F8E00FE0081 /* ApiHW */ = {
			isa = PBXGroup;
			children = (
				5EFA1CC627EB3D78004C1EAC /* Api */,
				5ECFB09D27EA6F8E00FE0081 /* PostListVC.swift */,
				5EFA1CC327EA7A71004C1EAC /* PostListView.swift */,
				5EFA1CC527EA7A89004C1EAC /* Cells */,
				5EFA1CC027EA79D0004C1EAC /* Supp files */,
			);
			path = ApiHW;
			sourceTree = "<group>";
		};
		5EFA1CC027EA79D0004C1EAC /* Supp files */ = {
			isa = PBXGroup;
			children = (
				5ECFB09927EA6F8E00FE0081 /* AppDelegate.swift */,
				5ECFB0A227EA6F9400FE0081 /* Assets.xcassets */,
				5ECFB0A427EA6F9400FE0081 /* LaunchScreen.storyboard */,
				5ECFB0A727EA6F9400FE0081 /* Info.plist */,
			);
			path = "Supp files";
			sourceTree = "<group>";
		};
		5EFA1CC527EA7A89004C1EAC /* Cells */ = {
			isa = PBXGroup;
			children = (
				5EFA1CC127EA7A52004C1EAC /* CustomTableCell.swift */,
			);
			path = Cells;
			sourceTree = "<group>";
		};
		5EFA1CC627EB3D78004C1EAC /* Api */ = {
			isa = PBXGroup;
			children = (
				5EFA1CC727EB3D97004C1EAC /* ApiModels.swift */,
			);
			path = Api;
			sourceTree = "<group>";
		};
		759506DECBDDC7989A90E738 /* Pods */ = {
			isa = PBXGroup;
			children = (
				B3B2B20FA64DCD414B64E4F5 /* Pods-ApiHW.debug.xcconfig */,
				E6E1D6B63EDB07299A57AA53 /* Pods-ApiHW.release.xcconfig */,
			);
			path = Pods;
			sourceTree = "<group>";
		};
		B8A705DBBABC8244202E0B69 /* Frameworks */ = {
			isa = PBXGroup;
			children = (
				3F77118A0D9C7865968CA9E7 /* libPods-ApiHW.a */,
			);
			name = Frameworks;
			sourceTree = "<group>";
		};
/* End PBXGroup section */

/* Begin PBXNativeTarget section */
		5ECFB09527EA6F8E00FE0081 /* ApiHW */ = {
			isa = PBXNativeTarget;
			buildConfigurationList = 5ECFB0AA27EA6F9400FE0081 /* Build configuration list for PBXNativeTarget "ApiHW" */;
			buildPhases = (
				FB82987BF49127F887936F64 /* [CP] Check Pods Manifest.lock */,
				5ECFB09227EA6F8E00FE0081 /* Sources */,
				5ECFB09327EA6F8E00FE0081 /* Frameworks */,
				5ECFB09427EA6F8E00FE0081 /* Resources */,
			);
			buildRules = (
			);
			dependencies = (
			);
			name = ApiHW;
			productName = ApiHW;
			productReference = 5ECFB09627EA6F8E00FE0081 /* ApiHW.app */;
			productType = "com.apple.product-type.application";
		};
/* End PBXNativeTarget section */

/* Begin PBXProject section */
		5ECFB08E27EA6F8E00FE0081 /* Project object */ = {
			isa = PBXProject;
			attributes = {
				BuildIndependentTargetsInParallel = 1;
				LastSwiftUpdateCheck = 1320;
				LastUpgradeCheck = 1320;
				TargetAttributes = {
					5ECFB09527EA6F8E00FE0081 = {
						CreatedOnToolsVersion = 13.2.1;
					};
				};
			};
			buildConfigurationList = 5ECFB09127EA6F8E00FE0081 /* Build configuration list for PBXProject "ApiHW" */;
			compatibilityVersion = "Xcode 13.0";
			developmentRegion = en;
			hasScannedForEncodings = 0;
			knownRegions = (
				en,
				Base,
			);
			mainGroup = 5ECFB08D27EA6F8E00FE0081;
			productRefGroup = 5ECFB09727EA6F8E00FE0081 /* Products */;
			projectDirPath = "";
			projectRoot = "";
			targets = (
				5ECFB09527EA6F8E00FE0081 /* ApiHW */,
			);
		};
/* End PBXProject section */

/* Begin PBXResourcesBuildPhase section */
		5ECFB09427EA6F8E00FE0081 /* Resources */ = {
			isa = PBXResourcesBuildPhase;
			buildActionMask = 2147483647;
			files = (
				5ECFB0A627EA6F9400FE0081 /* LaunchScreen.storyboard in Resources */,
				5ECFB0A327EA6F9400FE0081 /* Assets.xcassets in Resources */,
			);
			runOnlyForDeploymentPostprocessing = 0;
		};
/* End PBXResourcesBuildPhase section */

/* Begin PBXShellScriptBuildPhase section */
		FB82987BF49127F887936F64 /* [CP] Check Pods Manifest.lock */ = {
			isa = PBXShellScriptBuildPhase;
			buildActionMask = 2147483647;
			files = (
			);
			inputFileListPaths = (
			);
			inputPaths = (
				"${PODS_PODFILE_DIR_PATH}/Podfile.lock",
				"${PODS_ROOT}/Manifest.lock",
			);
			name = "[CP] Check Pods Manifest.lock";
			outputFileListPaths = (
			);
			outputPaths = (
				"$(DERIVED_FILE_DIR)/Pods-ApiHW-checkManifestLockResult.txt",
			);
			runOnlyForDeploymentPostprocessing = 0;
			shellPath = /bin/sh;
			shellScript = "diff \"${PODS_PODFILE_DIR_PATH}/Podfile.lock\" \"${PODS_ROOT}/Manifest.lock\" > /dev/null\nif [ $? != 0 ] ; then\n    # print error to STDERR\n    echo \"error: The sandbox is not in sync with the Podfile.lock. Run 'pod install' or update your CocoaPods installation.\" >&2\n    exit 1\nfi\n# This output is used by Xcode 'outputs' to avoid re-running this script phase.\necho \"SUCCESS\" > \"${SCRIPT_OUTPUT_FILE_0}\"\n";
			showEnvVarsInLog = 0;
		};
/* End PBXShellScriptBuildPhase section */

/* Begin PBXSourcesBuildPhase section */
		5ECFB09227EA6F8E00FE0081 /* Sources */ = {
			isa = PBXSourcesBuildPhase;
			buildActionMask = 2147483647;
			files = (
				5EFA1CC227EA7A52004C1EAC /* CustomTableCell.swift in Sources */,
				5ECFB09E27EA6F8E00FE0081 /* PostListVC.swift in Sources */,
				5EFA1CC827EB3D97004C1EAC /* ApiModels.swift in Sources */,
				5EFA1CC427EA7A71004C1EAC /* PostListView.swift in Sources */,
				5ECFB09A27EA6F8E00FE0081 /* AppDelegate.swift in Sources */,
			);
			runOnlyForDeploymentPostprocessing = 0;
		};
/* End PBXSourcesBuildPhase section */

/* Begin PBXVariantGroup section */
		5ECFB0A427EA6F9400FE0081 /* LaunchScreen.storyboard */ = {
			isa = PBXVariantGroup;
			children = (
				5ECFB0A527EA6F9400FE0081 /* Base */,
			);
			name = LaunchScreen.storyboard;
			sourceTree = "<group>";
		};
/* End PBXVariantGroup section */

/* Begin XCBuildConfiguration section */
		5ECFB0A827EA6F9400FE0081 /* Debug */ = {
			isa = XCBuildConfiguration;
			buildSettings = {
				ALWAYS_SEARCH_USER_PATHS = NO;
				CLANG_ANALYZER_NONNULL = YES;
				CLANG_ANALYZER_NUMBER_OBJECT_CONVERSION = YES_AGGRESSIVE;
				CLANG_CXX_LANGUAGE_STANDARD = "gnu++17";
				CLANG_CXX_LIBRARY = "libc++";
				CLANG_ENABLE_MODULES = YES;
				CLANG_ENABLE_OBJC_ARC = YES;
				CLANG_ENABLE_OBJC_WEAK = YES;
				CLANG_WARN_BLOCK_CAPTURE_AUTORELEASING = YES;
				CLANG_WARN_BOOL_CONVERSION = YES;
				CLANG_WARN_COMMA = YES;
				CLANG_WARN_CONSTANT_CONVERSION = YES;
				CLANG_WARN_DEPRECATED_OBJC_IMPLEMENTATIONS = YES;
				CLANG_WARN_DIRECT_OBJC_ISA_USAGE = YES_ERROR;
				CLANG_WARN_DOCUMENTATION_COMMENTS = YES;
				CLANG_WARN_EMPTY_BODY = YES;
				CLANG_WARN_ENUM_CONVERSION = YES;
				CLANG_WARN_INFINITE_RECURSION = YES;
				CLANG_WARN_INT_CONVERSION = YES;
				CLANG_WARN_NON_LITERAL_NULL_CONVERSION = YES;
				CLANG_WARN_OBJC_IMPLICIT_RETAIN_SELF = YES;
				CLANG_WARN_OBJC_LITERAL_CONVERSION = YES;
				CLANG_WARN_OBJC_ROOT_CLASS = YES_ERROR;
				CLANG_WARN_QUOTED_INCLUDE_IN_FRAMEWORK_HEADER = YES;
				CLANG_WARN_RANGE_LOOP_ANALYSIS = YES;
				CLANG_WARN_STRICT_PROTOTYPES = YES;
				CLANG_WARN_SUSPICIOUS_MOVE = YES;
				CLANG_WARN_UNGUARDED_AVAILABILITY = YES_AGGRESSIVE;
				CLANG_WARN_UNREACHABLE_CODE = YES;
				CLANG_WARN__DUPLICATE_METHOD_MATCH = YES;
				COPY_PHASE_STRIP = NO;
				DEBUG_INFORMATION_FORMAT = dwarf;
				ENABLE_STRICT_OBJC_MSGSEND = YES;
				ENABLE_TESTABILITY = YES;
				GCC_C_LANGUAGE_STANDARD = gnu11;
				GCC_DYNAMIC_NO_PIC = NO;
				GCC_NO_COMMON_BLOCKS = YES;
				GCC_OPTIMIZATION_LEVEL = 0;
				GCC_PREPROCESSOR_DEFINITIONS = (
					"DEBUG=1",
					"$(inherited)",
				);
				GCC_WARN_64_TO_32_BIT_CONVERSION = YES;
				GCC_WARN_ABOUT_RETURN_TYPE = YES_ERROR;
				GCC_WARN_UNDECLARED_SELECTOR = YES;
				GCC_WARN_UNINITIALIZED_AUTOS = YES_AGGRESSIVE;
				GCC_WARN_UNUSED_FUNCTION = YES;
				GCC_WARN_UNUSED_VARIABLE = YES;
				IPHONEOS_DEPLOYMENT_TARGET = 15.2;
				MTL_ENABLE_DEBUG_INFO = INCLUDE_SOURCE;
				MTL_FAST_MATH = YES;
				ONLY_ACTIVE_ARCH = YES;
				SDKROOT = iphoneos;
				SWIFT_ACTIVE_COMPILATION_CONDITIONS = DEBUG;
				SWIFT_OPTIMIZATION_LEVEL = "-Onone";
			};
			name = Debug;
		};
		5ECFB0A927EA6F9400FE0081 /* Release */ = {
			isa = XCBuildConfiguration;
			buildSettings = {
				ALWAYS_SEARCH_USER_PATHS = NO;
				CLANG_ANALYZER_NONNULL = YES;
				CLANG_ANALYZER_NUMBER_OBJECT_CONVERSION = YES_AGGRESSIVE;
				CLANG_CXX_LANGUAGE_STANDARD = "gnu++17";
				CLANG_CXX_LIBRARY = "libc++";
				CLANG_ENABLE_MODULES = YES;
				CLANG_ENABLE_OBJC_ARC = YES;
				CLANG_ENABLE_OBJC_WEAK = YES;
				CLANG_WARN_BLOCK_CAPTURE_AUTORELEASING = YES;
				CLANG_WARN_BOOL_CONVERSION = YES;
				CLANG_WARN_COMMA = YES;
				CLANG_WARN_CONSTANT_CONVERSION = YES;
				CLANG_WARN_DEPRECATED_OBJC_IMPLEMENTATIONS = YES;
				CLANG_WARN_DIRECT_OBJC_ISA_USAGE = YES_ERROR;
				CLANG_WARN_DOCUMENTATION_COMMENTS = YES;
				CLANG_WARN_EMPTY_BODY = YES;
				CLANG_WARN_ENUM_CONVERSION = YES;
				CLANG_WARN_INFINITE_RECURSION = YES;
				CLANG_WARN_INT_CONVERSION = YES;
				CLANG_WARN_NON_LITERAL_NULL_CONVERSION = YES;
				CLANG_WARN_OBJC_IMPLICIT_RETAIN_SELF = YES;
				CLANG_WARN_OBJC_LITERAL_CONVERSION = YES;
				CLANG_WARN_OBJC_ROOT_CLASS = YES_ERROR;
				CLANG_WARN_QUOTED_INCLUDE_IN_FRAMEWORK_HEADER = YES;
				CLANG_WARN_RANGE_LOOP_ANALYSIS = YES;
				CLANG_WARN_STRICT_PROTOTYPES = YES;
				CLANG_WARN_SUSPICIOUS_MOVE = YES;
				CLANG_WARN_UNGUARDED_AVAILABILITY = YES_AGGRESSIVE;
				CLANG_WARN_UNREACHABLE_CODE = YES;
				CLANG_WARN__DUPLICATE_METHOD_MATCH = YES;
				COPY_PHASE_STRIP = NO;
				DEBUG_INFORMATION_FORMAT = "dwarf-with-dsym";
				ENABLE_NS_ASSERTIONS = NO;
				ENABLE_STRICT_OBJC_MSGSEND = YES;
				GCC_C_LANGUAGE_STANDARD = gnu11;
				GCC_NO_COMMON_BLOCKS = YES;
				GCC_WARN_64_TO_32_BIT_CONVERSION = YES;
				GCC_WARN_ABOUT_RETURN_TYPE = YES_ERROR;
				GCC_WARN_UNDECLARED_SELECTOR = YES;
				GCC_WARN_UNINITIALIZED_AUTOS = YES_AGGRESSIVE;
				GCC_WARN_UNUSED_FUNCTION = YES;
				GCC_WARN_UNUSED_VARIABLE = YES;
				IPHONEOS_DEPLOYMENT_TARGET = 15.2;
				MTL_ENABLE_DEBUG_INFO = NO;
				MTL_FAST_MATH = YES;
				SDKROOT = iphoneos;
				SWIFT_COMPILATION_MODE = wholemodule;
				SWIFT_OPTIMIZATION_LEVEL = "-O";
				VALIDATE_PRODUCT = YES;
			};
			name = Release;
		};
		5ECFB0AB27EA6F9400FE0081 /* Debug */ = {
			isa = XCBuildConfiguration;
			baseConfigurationReference = B3B2B20FA64DCD414B64E4F5 /* Pods-ApiHW.debug.xcconfig */;
			buildSettings = {
				ASSETCATALOG_COMPILER_APPICON_NAME = AppIcon;
				ASSETCATALOG_COMPILER_GLOBAL_ACCENT_COLOR_NAME = AccentColor;
				CODE_SIGN_STYLE = Automatic;
				CURRENT_PROJECT_VERSION = 1;
				DEVELOPMENT_TEAM = FQ8MLNCZ73;
				GENERATE_INFOPLIST_FILE = YES;
				INFOPLIST_FILE = ApiHW/Info.plist;
				INFOPLIST_KEY_UIApplicationSupportsIndirectInputEvents = YES;
				INFOPLIST_KEY_UILaunchStoryboardName = LaunchScreen;
				INFOPLIST_KEY_UISupportedInterfaceOrientations = UIInterfaceOrientationPortrait;
				INFOPLIST_KEY_UISupportedInterfaceOrientations_iPad = "UIInterfaceOrientationPortrait UIInterfaceOrientationPortraitUpsideDown UIInterfaceOrientationLandscapeLeft UIInterfaceOrientationLandscapeRight";
				INFOPLIST_KEY_UISupportedInterfaceOrientations_iPhone = "UIInterfaceOrientationPortrait UIInterfaceOrientationLandscapeLeft UIInterfaceOrientationLandscapeRight";
				IPHONEOS_DEPLOYMENT_TARGET = 11.0;
				LD_RUNPATH_SEARCH_PATHS = (
					"$(inherited)",
					"@executable_path/Frameworks",
				);
				MARKETING_VERSION = 1.0;
				PRODUCT_BUNDLE_IDENTIFIER = com.ViktorsK.ApiHW;
				PRODUCT_NAME = "$(TARGET_NAME)";
				SWIFT_EMIT_LOC_STRINGS = YES;
				SWIFT_VERSION = 5.0;
				TARGETED_DEVICE_FAMILY = "1,2";
			};
			name = Debug;
		};
		5ECFB0AC27EA6F9400FE0081 /* Release */ = {
			isa = XCBuildConfiguration;
			baseConfigurationReference = E6E1D6B63EDB07299A57AA53 /* Pods-ApiHW.release.xcconfig */;
			buildSettings = {
				ASSETCATALOG_COMPILER_APPICON_NAME = AppIcon;
				ASSETCATALOG_COMPILER_GLOBAL_ACCENT_COLOR_NAME = AccentColor;
				CODE_SIGN_STYLE = Automatic;
				CURRENT_PROJECT_VERSION = 1;
				DEVELOPMENT_TEAM = FQ8MLNCZ73;
				GENERATE_INFOPLIST_FILE = YES;
				INFOPLIST_FILE = ApiHW/Info.plist;
				INFOPLIST_KEY_UIApplicationSupportsIndirectInputEvents = YES;
				INFOPLIST_KEY_UILaunchStoryboardName = LaunchScreen;
				INFOPLIST_KEY_UISupportedInterfaceOrientations = UIInterfaceOrientationPortrait;
				INFOPLIST_KEY_UISupportedInterfaceOrientations_iPad = "UIInterfaceOrientationPortrait UIInterfaceOrientationPortraitUpsideDown UIInterfaceOrientationLandscapeLeft UIInterfaceOrientationLandscapeRight";
				INFOPLIST_KEY_UISupportedInterfaceOrientations_iPhone = "UIInterfaceOrientationPortrait UIInterfaceOrientationLandscapeLeft UIInterfaceOrientationLandscapeRight";
				IPHONEOS_DEPLOYMENT_TARGET = 11.0;
				LD_RUNPATH_SEARCH_PATHS = (
					"$(inherited)",
					"@executable_path/Frameworks",
				);
				MARKETING_VERSION = 1.0;
				PRODUCT_BUNDLE_IDENTIFIER = com.ViktorsK.ApiHW;
				PRODUCT_NAME = "$(TARGET_NAME)";
				SWIFT_EMIT_LOC_STRINGS = YES;
				SWIFT_VERSION = 5.0;
				TARGETED_DEVICE_FAMILY = "1,2";
			};
			name = Release;
		};
/* End XCBuildConfiguration section */

/* Begin XCConfigurationList section */
		5ECFB09127EA6F8E00FE0081 /* Build configuration list for PBXProject "ApiHW" */ = {
			isa = XCConfigurationList;
			buildConfigurations = (
				5ECFB0A827EA6F9400FE0081 /* Debug */,
				5ECFB0A927EA6F9400FE0081 /* Release */,
			);
			defaultConfigurationIsVisible = 0;
			defaultConfigurationName = Release;
		};
		5ECFB0AA27EA6F9400FE0081 /* Build configuration list for PBXNativeTarget "ApiHW" */ = {
			isa = XCConfigurationList;
			buildConfigurations = (
				5ECFB0AB27EA6F9400FE0081 /* Debug */,
				5ECFB0AC27EA6F9400FE0081 /* Release */,
			);
			defaultConfigurationIsVisible = 0;
			defaultConfigurationName = Release;
		};
/* End XCConfigurationList section */
	};
	rootObject = 5ECFB08E27EA6F8E00FE0081 /* Project object */;
}
